
Microsoft Visual Studio Solution File, Format Version 12.00
# Visual Studio 15
VisualStudioVersion = 15.0.28307.779
MinimumVisualStudioVersion = 10.0.40219.1
Project("{2150E333-8FDC-42A3-9474-1A3956D46DE8}") = "Ex1", "Ex1", "{D569D1AC-952C-4FFF-A23D-D07A8EC2150F}"
EndProject
Project("{8BC9CEB8-8B4A-11D0-8D11-00A0C91BC942}") = "Ex1.1", "..\Ex1.1\Ex1.1.vcxproj", "{39CA0E7E-8DFE-4B25-8EB5-DCC5E0B75E20}"
EndProject
Global
	GlobalSection(SolutionConfigurationPlatforms) = preSolution
		Debug|x64 = Debug|x64
		Debug|x86 = Debug|x86
		Ex1.1|x64 = Ex1.1|x64
		Ex1.1|x86 = Ex1.1|x86
		Release|x64 = Release|x64
		Release|x86 = Release|x86
	EndGlobalSection
	GlobalSection(ProjectConfigurationPlatforms) = postSolution
		{39CA0E7E-8DFE-4B25-8EB5-DCC5E0B75E20}.Debug|x64.ActiveCfg = Debug|x64
		{39CA0E7E-8DFE-4B25-8EB5-DCC5E0B75E20}.Debug|x64.Build.0 = Debug|x64
		{39CA0E7E-8DFE-4B25-8EB5-DCC5E0B75E20}.Debug|x86.ActiveCfg = Debug|Win32
		{39CA0E7E-8DFE-4B25-8EB5-DCC5E0B75E20}.Debug|x86.Build.0 = Debug|Win32
		{39CA0E7E-8DFE-4B25-8EB5-DCC5E0B75E20}.Ex1.1|x64.ActiveCfg = Ex1.1|x64
		{39CA0E7E-8DFE-4B25-8EB5-DCC5E0B75E20}.Ex1.1|x64.Build.0 = Ex1.1|x64
		{39CA0E7E-8DFE-4B25-8EB5-DCC5E0B75E20}.Ex1.1|x86.ActiveCfg = Ex1.1|Win32
		{39CA0E7E-8DFE-4B25-8EB5-DCC5E0B75E20}.Ex1.1|x86.Build.0 = Ex1.1|Win32
		{39CA0E7E-8DFE-4B25-8EB5-DCC5E0B75E20}.Release|x64.ActiveCfg = Release|x64
		{39CA0E7E-8DFE-4B25-8EB5-DCC5E0B75E20}.Release|x64.Build.0 = Release|x64
		{39CA0E7E-8DFE-4B25-8EB5-DCC5E0B75E20}.Release|x86.ActiveCfg = Release|Win32
		{39CA0E7E-8DFE-4B25-8EB5-DCC5E0B75E20}.Release|x86.Build.0 = Release|Win32
	EndGlobalSection
	GlobalSection(SolutionProperties) = preSolution
		HideSolutionNode = FALSE
	EndGlobalSection
	GlobalSection(NestedProjects) = preSolution
		{39CA0E7E-8DFE-4B25-8EB5-DCC5E0B75E20} = {D569D1AC-952C-4FFF-A23D-D07A8EC2150F}
	EndGlobalSection
	GlobalSection(ExtensibilityGlobals) = postSolution
		SolutionGuid = {3CD17B2B-2933-4EDE-BEE4-45EDB79D0802}
	EndGlobalSection
EndGlobal
